// !$*UTF8*$!
{
	archiveVersion = 1;
	classes = {
	};
	objectVersion = 46;
	objects = {

/* Begin PBXBuildFile section */
		2CA53F790F1E9DEA00575E78 /* camera.cpp in Sources */ = {isa = PBXBuildFile; fileRef = 2CA53F6B0F1E9DEA00575E78 /* camera.cpp */; };
		2CA53F7A0F1E9DEA00575E78 /* core.cpp in Sources */ = {isa = PBXBuildFile; fileRef = 2CA53F6D0F1E9DEA00575E78 /* core.cpp */; };
		2CA53F7C0F1E9DEA00575E78 /* matrix34.cpp in Sources */ = {isa = PBXBuildFile; fileRef = 2CA53F710F1E9DEA00575E78 /* matrix34.cpp */; };
		2CA53F7D0F1E9DEA00575E78 /* tester.cpp in Sources */ = {isa = PBXBuildFile; fileRef = 2CA53F730F1E9DEA00575E78 /* tester.cpp */; };
		2CA53F7F0F1E9DEA00575E78 /* vector3.cpp in Sources */ = {isa = PBXBuildFile; fileRef = 2CA53F770F1E9DEA00575E78 /* vector3.cpp */; };
		2CA53FA70F1E9E8700575E78 /* GLUT.framework in Frameworks */ = {isa = PBXBuildFile; fileRef = 2CA53FA60F1E9E8700575E78 /* GLUT.framework */; };
		2CA53FA90F1E9E9600575E78 /* OpenGL.framework in Frameworks */ = {isa = PBXBuildFile; fileRef = 2CA53FA80F1E9E9600575E78 /* OpenGL.framework */; };
		6E2227BF1CEC85CF00E7346F /* particle.cpp in Sources */ = {isa = PBXBuildFile; fileRef = 6E2227BE1CEC85CF00E7346F /* particle.cpp */; };
		6E2227C21CECA3BE00E7346F /* cloth.cpp in Sources */ = {isa = PBXBuildFile; fileRef = 6E2227C11CECA3BE00E7346F /* cloth.cpp */; };
		6E2227C51CECA83400E7346F /* springhamper.cpp in Sources */ = {isa = PBXBuildFile; fileRef = 6E2227C41CECA83400E7346F /* springhamper.cpp */; };
		6E2227C81CECE00C00E7346F /* wind.cpp in Sources */ = {isa = PBXBuildFile; fileRef = 6E2227C71CECE00C00E7346F /* wind.cpp */; };
		6E2227CB1CED47A700E7346F /* ground.cpp in Sources */ = {isa = PBXBuildFile; fileRef = 6E2227CA1CED47A700E7346F /* ground.cpp */; };
		6E3960E21CC59BD600357F81 /* triangle.cpp in Sources */ = {isa = PBXBuildFile; fileRef = 6E3960E11CC59BD600357F81 /* triangle.cpp */; };
		6E744ED51CC319D1009D3F9C /* vertex.cpp in Sources */ = {isa = PBXBuildFile; fileRef = 6E744ED41CC319D1009D3F9C /* vertex.cpp */; };
		8DD76F6A0486A84900D96B5E /* cse169.1 in CopyFiles */ = {isa = PBXBuildFile; fileRef = C6859E8B029090EE04C91782 /* cse169.1 */; };
/* End PBXBuildFile section */

/* Begin PBXCopyFilesBuildPhase section */
		8DD76F690486A84900D96B5E /* CopyFiles */ = {
			isa = PBXCopyFilesBuildPhase;
			buildActionMask = 8;
			dstPath = /usr/share/man/man1/;
			dstSubfolderSpec = 0;
			files = (
				8DD76F6A0486A84900D96B5E /* cse169.1 in CopyFiles */,
			);
			runOnlyForDeploymentPostprocessing = 1;
		};
/* End PBXCopyFilesBuildPhase section */

/* Begin PBXFileReference section */
		2CA53F6B0F1E9DEA00575E78 /* camera.cpp */ = {isa = PBXFileReference; fileEncoding = 4; lastKnownFileType = sourcecode.cpp.cpp; path = camera.cpp; sourceTree = "<group>"; };
		2CA53F6C0F1E9DEA00575E78 /* camera.h */ = {isa = PBXFileReference; fileEncoding = 4; lastKnownFileType = sourcecode.c.h; path = camera.h; sourceTree = "<group>"; };
		2CA53F6D0F1E9DEA00575E78 /* core.cpp */ = {isa = PBXFileReference; fileEncoding = 4; lastKnownFileType = sourcecode.cpp.cpp; path = core.cpp; sourceTree = "<group>"; };
		2CA53F6E0F1E9DEA00575E78 /* core.h */ = {isa = PBXFileReference; fileEncoding = 4; lastKnownFileType = sourcecode.c.h; path = core.h; sourceTree = "<group>"; };
		2CA53F710F1E9DEA00575E78 /* matrix34.cpp */ = {isa = PBXFileReference; fileEncoding = 4; lastKnownFileType = sourcecode.cpp.cpp; path = matrix34.cpp; sourceTree = "<group>"; };
		2CA53F720F1E9DEA00575E78 /* matrix34.h */ = {isa = PBXFileReference; fileEncoding = 4; lastKnownFileType = sourcecode.c.h; path = matrix34.h; sourceTree = "<group>"; };
		2CA53F730F1E9DEA00575E78 /* tester.cpp */ = {isa = PBXFileReference; fileEncoding = 4; lastKnownFileType = sourcecode.cpp.cpp; path = tester.cpp; sourceTree = "<group>"; };
		2CA53F740F1E9DEA00575E78 /* tester.h */ = {isa = PBXFileReference; fileEncoding = 4; lastKnownFileType = sourcecode.c.h; path = tester.h; sourceTree = "<group>"; };
		2CA53F770F1E9DEA00575E78 /* vector3.cpp */ = {isa = PBXFileReference; fileEncoding = 4; lastKnownFileType = sourcecode.cpp.cpp; path = vector3.cpp; sourceTree = "<group>"; };
		2CA53F780F1E9DEA00575E78 /* vector3.h */ = {isa = PBXFileReference; fileEncoding = 4; lastKnownFileType = sourcecode.c.h; path = vector3.h; sourceTree = "<group>"; };
		2CA53FA60F1E9E8700575E78 /* GLUT.framework */ = {isa = PBXFileReference; lastKnownFileType = wrapper.framework; name = GLUT.framework; path = /System/Library/Frameworks/GLUT.framework; sourceTree = "<absolute>"; };
		2CA53FA80F1E9E9600575E78 /* OpenGL.framework */ = {isa = PBXFileReference; lastKnownFileType = wrapper.framework; name = OpenGL.framework; path = /System/Library/Frameworks/OpenGL.framework; sourceTree = "<absolute>"; };
		6E0904F51CF5440A000D905D /* particle.h */ = {isa = PBXFileReference; fileEncoding = 4; lastKnownFileType = sourcecode.c.h; path = particle.h; sourceTree = "<group>"; };
		6E2227BE1CEC85CF00E7346F /* particle.cpp */ = {isa = PBXFileReference; fileEncoding = 4; lastKnownFileType = sourcecode.cpp.cpp; path = particle.cpp; sourceTree = "<group>"; };
		6E2227C01CECA36600E7346F /* cloth.h */ = {isa = PBXFileReference; fileEncoding = 4; lastKnownFileType = sourcecode.c.h; path = cloth.h; sourceTree = "<group>"; };
		6E2227C11CECA3BE00E7346F /* cloth.cpp */ = {isa = PBXFileReference; fileEncoding = 4; lastKnownFileType = sourcecode.cpp.cpp; path = cloth.cpp; sourceTree = "<group>"; };
		6E2227C31CECA75C00E7346F /* springdamper.h */ = {isa = PBXFileReference; fileEncoding = 4; lastKnownFileType = sourcecode.c.h; path = springdamper.h; sourceTree = "<group>"; };
		6E2227C41CECA83400E7346F /* springhamper.cpp */ = {isa = PBXFileReference; fileEncoding = 4; lastKnownFileType = sourcecode.cpp.cpp; path = springhamper.cpp; sourceTree = "<group>"; };
		6E2227C61CECDEDC00E7346F /* wind.h */ = {isa = PBXFileReference; fileEncoding = 4; lastKnownFileType = sourcecode.c.h; path = wind.h; sourceTree = "<group>"; };
		6E2227C71CECE00C00E7346F /* wind.cpp */ = {isa = PBXFileReference; fileEncoding = 4; lastKnownFileType = sourcecode.cpp.cpp; path = wind.cpp; sourceTree = "<group>"; };
		6E2227C91CED468900E7346F /* ground.h */ = {isa = PBXFileReference; fileEncoding = 4; lastKnownFileType = sourcecode.c.h; path = ground.h; sourceTree = "<group>"; };
		6E2227CA1CED47A700E7346F /* ground.cpp */ = {isa = PBXFileReference; fileEncoding = 4; lastKnownFileType = sourcecode.cpp.cpp; path = ground.cpp; sourceTree = "<group>"; };
		6E3960E11CC59BD600357F81 /* triangle.cpp */ = {isa = PBXFileReference; fileEncoding = 4; lastKnownFileType = sourcecode.cpp.cpp; path = triangle.cpp; sourceTree = "<group>"; };
		6E744ED31CC3196B009D3F9C /* vertex.h */ = {isa = PBXFileReference; fileEncoding = 4; lastKnownFileType = sourcecode.c.h; path = vertex.h; sourceTree = "<group>"; };
		6E744ED41CC319D1009D3F9C /* vertex.cpp */ = {isa = PBXFileReference; fileEncoding = 4; lastKnownFileType = sourcecode.cpp.cpp; path = vertex.cpp; sourceTree = "<group>"; };
		6E744ED61CC31BBD009D3F9C /* triangle.h */ = {isa = PBXFileReference; fileEncoding = 4; lastKnownFileType = sourcecode.c.h; path = triangle.h; sourceTree = "<group>"; };
		6E7B759C1CB5104F00D93419 /* test.skel */ = {isa = PBXFileReference; fileEncoding = 4; lastKnownFileType = text; path = test.skel; sourceTree = "<group>"; };
		8DD76F6C0486A84900D96B5E /* cse169 */ = {isa = PBXFileReference; explicitFileType = "compiled.mach-o.executable"; includeInIndex = 0; path = cse169; sourceTree = BUILT_PRODUCTS_DIR; };
		C6859E8B029090EE04C91782 /* cse169.1 */ = {isa = PBXFileReference; lastKnownFileType = text.man; path = cse169.1; sourceTree = "<group>"; };
/* End PBXFileReference section */

/* Begin PBXFrameworksBuildPhase section */
		8DD76F660486A84900D96B5E /* Frameworks */ = {
			isa = PBXFrameworksBuildPhase;
			buildActionMask = 2147483647;
			files = (
				2CA53FA70F1E9E8700575E78 /* GLUT.framework in Frameworks */,
				2CA53FA90F1E9E9600575E78 /* OpenGL.framework in Frameworks */,
			);
			runOnlyForDeploymentPostprocessing = 0;
		};
/* End PBXFrameworksBuildPhase section */

/* Begin PBXGroup section */
		08FB7794FE84155DC02AAC07 /* cse169 */ = {
			isa = PBXGroup;
			children = (
				6E7B759C1CB5104F00D93419 /* test.skel */,
				2CA53FA80F1E9E9600575E78 /* OpenGL.framework */,
				2CA53FA60F1E9E8700575E78 /* GLUT.framework */,
				08FB7795FE84155DC02AAC07 /* Source */,
				C6859E8C029090F304C91782 /* Documentation */,
				1AB674ADFE9D54B511CA2CBB /* Products */,
			);
			name = cse169;
			sourceTree = "<group>";
		};
		08FB7795FE84155DC02AAC07 /* Source */ = {
			isa = PBXGroup;
			children = (
				2CA53F6B0F1E9DEA00575E78 /* camera.cpp */,
				2CA53F6C0F1E9DEA00575E78 /* camera.h */,
				6E2227C11CECA3BE00E7346F /* cloth.cpp */,
				6E0904F51CF5440A000D905D /* particle.h */,
				6E2227C01CECA36600E7346F /* cloth.h */,
				2CA53F6D0F1E9DEA00575E78 /* core.cpp */,
				2CA53F6E0F1E9DEA00575E78 /* core.h */,
				2CA53F710F1E9DEA00575E78 /* matrix34.cpp */,
				2CA53F720F1E9DEA00575E78 /* matrix34.h */,
				6E2227BE1CEC85CF00E7346F /* particle.cpp */,
				6E2227C31CECA75C00E7346F /* springdamper.h */,
				6E2227C41CECA83400E7346F /* springhamper.cpp */,
				2CA53F730F1E9DEA00575E78 /* tester.cpp */,
				2CA53F740F1E9DEA00575E78 /* tester.h */,
				6E3960E11CC59BD600357F81 /* triangle.cpp */,
				6E744ED61CC31BBD009D3F9C /* triangle.h */,
				2CA53F770F1E9DEA00575E78 /* vector3.cpp */,
				2CA53F780F1E9DEA00575E78 /* vector3.h */,
				6E744ED41CC319D1009D3F9C /* vertex.cpp */,
				6E744ED31CC3196B009D3F9C /* vertex.h */,
				6E2227C61CECDEDC00E7346F /* wind.h */,
				6E2227C71CECE00C00E7346F /* wind.cpp */,
				6E2227C91CED468900E7346F /* ground.h */,
				6E2227CA1CED47A700E7346F /* ground.cpp */,
			);
			name = Source;
			sourceTree = "<group>";
		};
		1AB674ADFE9D54B511CA2CBB /* Products */ = {
			isa = PBXGroup;
			children = (
				8DD76F6C0486A84900D96B5E /* cse169 */,
			);
			name = Products;
			sourceTree = "<group>";
		};
		C6859E8C029090F304C91782 /* Documentation */ = {
			isa = PBXGroup;
			children = (
				C6859E8B029090EE04C91782 /* cse169.1 */,
			);
			name = Documentation;
			sourceTree = "<group>";
		};
/* End PBXGroup section */

/* Begin PBXNativeTarget section */
		8DD76F620486A84900D96B5E /* cse169 */ = {
			isa = PBXNativeTarget;
			buildConfigurationList = 1DEB923108733DC60010E9CD /* Build configuration list for PBXNativeTarget "cse169" */;
			buildPhases = (
				8DD76F640486A84900D96B5E /* Sources */,
				8DD76F660486A84900D96B5E /* Frameworks */,
				8DD76F690486A84900D96B5E /* CopyFiles */,
			);
			buildRules = (
			);
			dependencies = (
			);
			name = cse169;
			productInstallPath = "$(HOME)/bin";
			productName = cse169;
			productReference = 8DD76F6C0486A84900D96B5E /* cse169 */;
			productType = "com.apple.product-type.tool";
		};
/* End PBXNativeTarget section */

/* Begin PBXProject section */
		08FB7793FE84155DC02AAC07 /* Project object */ = {
			isa = PBXProject;
			attributes = {
				LastUpgradeCheck = 0730;
			};
			buildConfigurationList = 1DEB923508733DC60010E9CD /* Build configuration list for PBXProject "cse169" */;
			compatibilityVersion = "Xcode 3.2";
			developmentRegion = English;
			hasScannedForEncodings = 1;
			knownRegions = (
				en,
			);
			mainGroup = 08FB7794FE84155DC02AAC07 /* cse169 */;
			projectDirPath = "";
			projectRoot = "";
			targets = (
				8DD76F620486A84900D96B5E /* cse169 */,
			);
		};
/* End PBXProject section */

/* Begin PBXSourcesBuildPhase section */
		8DD76F640486A84900D96B5E /* Sources */ = {
			isa = PBXSourcesBuildPhase;
			buildActionMask = 2147483647;
			files = (
				6E2227C21CECA3BE00E7346F /* cloth.cpp in Sources */,
				2CA53F790F1E9DEA00575E78 /* camera.cpp in Sources */,
				6E2227BF1CEC85CF00E7346F /* particle.cpp in Sources */,
				6E3960E21CC59BD600357F81 /* triangle.cpp in Sources */,
				2CA53F7A0F1E9DEA00575E78 /* core.cpp in Sources */,
				6E2227C81CECE00C00E7346F /* wind.cpp in Sources */,
				6E2227CB1CED47A700E7346F /* ground.cpp in Sources */,
				2CA53F7C0F1E9DEA00575E78 /* matrix34.cpp in Sources */,
				2CA53F7D0F1E9DEA00575E78 /* tester.cpp in Sources */,
				6E744ED51CC319D1009D3F9C /* vertex.cpp in Sources */,
				2CA53F7F0F1E9DEA00575E78 /* vector3.cpp in Sources */,
				6E2227C51CECA83400E7346F /* springhamper.cpp in Sources */,
			);
			runOnlyForDeploymentPostprocessing = 0;
		};
/* End PBXSourcesBuildPhase section */

/* Begin XCBuildConfiguration section */
		1DEB923208733DC60010E9CD /* Debug */ = {
			isa = XCBuildConfiguration;
			buildSettings = {
				COPY_PHASE_STRIP = NO;
				GCC_DYNAMIC_NO_PIC = NO;
				GCC_ENABLE_FIX_AND_CONTINUE = YES;
				GCC_MODEL_TUNING = G5;
				GCC_OPTIMIZATION_LEVEL = 0;
				GCC_PREPROCESSOR_DEFINITIONS = (
					"_GLIBCXX_DEBUG=1",
					"_GLIBCXX_DEBUG_PEDANTIC=1",
				);
				INSTALL_PATH = /usr/local/bin;
				PRODUCT_NAME = cse169;
				SDKROOT = macosx;
				ZERO_LINK = YES;
			};
			name = Debug;
		};
		1DEB923308733DC60010E9CD /* Release */ = {
			isa = XCBuildConfiguration;
			buildSettings = {
				DEBUG_INFORMATION_FORMAT = "dwarf-with-dsym";
				GCC_MODEL_TUNING = G5;
				INSTALL_PATH = /usr/local/bin;
				PRODUCT_NAME = cse169;
				SDKROOT = macosx;
			};
			name = Release;
		};
		1DEB923608733DC60010E9CD /* Debug */ = {
			isa = XCBuildConfiguration;
			buildSettings = {
				ENABLE_TESTABILITY = YES;
				GCC_WARN_ABOUT_RETURN_TYPE = YES;
				GCC_WARN_UNUSED_VARIABLE = YES;
				ONLY_ACTIVE_ARCH = YES;
				PREBINDING = NO;
				SDKROOT = "$(DEVELOPER_SDK_DIR)/MacOSX10.5.sdk";
			};
			name = Debug;
		};
		1DEB923708733DC60010E9CD /* Release */ = {
			isa = XCBuildConfiguration;
			buildSettings = {
				GCC_WARN_ABOUT_RETURN_TYPE = YES;
				GCC_WARN_UNUSED_VARIABLE = YES;
				PREBINDING = NO;
				SDKROOT = "$(DEVELOPER_SDK_DIR)/MacOSX10.5.sdk";
			};
			name = Release;
		};
/* End XCBuildConfiguration section */

/* Begin XCConfigurationList section */
		1DEB923108733DC60010E9CD /* Build configuration list for PBXNativeTarget "cse169" */ = {
			isa = XCConfigurationList;
			buildConfigurations = (
				1DEB923208733DC60010E9CD /* Debug */,
				1DEB923308733DC60010E9CD /* Release */,
			);
			defaultConfigurationIsVisible = 0;
			defaultConfigurationName = Release;
		};
		1DEB923508733DC60010E9CD /* Build configuration list for PBXProject "cse169" */ = {
			isa = XCConfigurationList;
			buildConfigurations = (
				1DEB923608733DC60010E9CD /* Debug */,
				1DEB923708733DC60010E9CD /* Release */,
			);
			defaultConfigurationIsVisible = 0;
			defaultConfigurationName = Release;
		};
/* End XCConfigurationList section */
	};
	rootObject = 08FB7793FE84155DC02AAC07 /* Project object */;
}
